
Microsoft Visual Studio Solution File, Format Version 12.00
# Visual Studio Version 17
VisualStudioVersion = 17.0.32014.148
MinimumVisualStudioVersion = 10.0.40219.1
Project("{9A19103F-16F7-4668-BE54-9A1E7A4F7556}") = "uiClothes", "uiClothes\uiClothes.csproj", "{1A0113D1-2ED3-4358-8190-89B848020E8E}"
EndProject
Project("{FAE04EC0-301F-11D3-BF4B-00C04F79EFBC}") = "uiClothes.Server", "uiClothes.Server\uiClothes.Server.csproj", "{386BB0F5-6008-463C-AF4E-CEFEA7DE77B4}"
EndProject
Global
	GlobalSection(SolutionConfigurationPlatforms) = preSolution
		Debug|Any CPU = Debug|Any CPU
		Release|Any CPU = Release|Any CPU
	EndGlobalSection
	GlobalSection(ProjectConfigurationPlatforms) = postSolution
		{1A0113D1-2ED3-4358-8190-89B848020E8E}.Debug|Any CPU.ActiveCfg = Debug|Any CPU
		{1A0113D1-2ED3-4358-8190-89B848020E8E}.Debug|Any CPU.Build.0 = Debug|Any CPU
		{1A0113D1-2ED3-4358-8190-89B848020E8E}.Release|Any CPU.ActiveCfg = Release|Any CPU
		{1A0113D1-2ED3-4358-8190-89B848020E8E}.Release|Any CPU.Build.0 = Release|Any CPU
		{386BB0F5-6008-463C-AF4E-CEFEA7DE77B4}.Debug|Any CPU.ActiveCfg = Debug|Any CPU
		{386BB0F5-6008-463C-AF4E-CEFEA7DE77B4}.Debug|Any CPU.Build.0 = Debug|Any CPU
		{386BB0F5-6008-463C-AF4E-CEFEA7DE77B4}.Release|Any CPU.ActiveCfg = Release|Any CPU
		{386BB0F5-6008-463C-AF4E-CEFEA7DE77B4}.Release|Any CPU.Build.0 = Release|Any CPU
	EndGlobalSection
	GlobalSection(SolutionProperties) = preSolution
		HideSolutionNode = FALSE
	EndGlobalSection
	GlobalSection(ExtensibilityGlobals) = postSolution
		SolutionGuid = {D135C629-B3EC-4B8C-A009-E60250C767B1}
	EndGlobalSection
EndGlobal
